
Microsoft Visual Studio Solution File, Format Version 12.00
# Visual Studio 2013
VisualStudioVersion = 12.0.30501.0
MinimumVisualStudioVersion = 10.0.40219.1
Project("{FAE04EC0-301F-11D3-BF4B-00C04F79EFBC}") = "Zf2CodeGenerator", "Zf2CodeGenerator\Zf2CodeGenerator.csproj", "{7B16B977-D879-46D9-94F9-988B54A0CDD1}"
EndProject
Global
	GlobalSection(SubversionScc) = preSolution
		Svn-Managed = True
		Manager = AnkhSVN - Subversion Support for Visual Studio
	EndGlobalSection
	GlobalSection(SolutionConfigurationPlatforms) = preSolution
		Debug|Any CPU = Debug|Any CPU
		Release|Any CPU = Release|Any CPU
	EndGlobalSection
	GlobalSection(ProjectConfigurationPlatforms) = postSolution
		{7B16B977-D879-46D9-94F9-988B54A0CDD1}.Debug|Any CPU.ActiveCfg = Debug|Any CPU
		{7B16B977-D879-46D9-94F9-988B54A0CDD1}.Debug|Any CPU.Build.0 = Debug|Any CPU
		{7B16B977-D879-46D9-94F9-988B54A0CDD1}.Release|Any CPU.ActiveCfg = Release|Any CPU
		{7B16B977-D879-46D9-94F9-988B54A0CDD1}.Release|Any CPU.Build.0 = Release|Any CPU
	EndGlobalSection
	GlobalSection(SolutionProperties) = preSolution
		HideSolutionNode = FALSE
	EndGlobalSection
EndGlobal
